// !$*UTF8*$!
{
	archiveVersion = 1;
	classes = {
	};
	objectVersion = 46;
	objects = {

/* Begin PBXBuildFile section */
		6D4118D418DF850E000EBBED /* MessageUI.framework in Frameworks */ = {isa = PBXBuildFile; fileRef = 6D4118D318DF850E000EBBED /* MessageUI.framework */; };
		6D6BD5EB18E9E53200B45823 /* 3bar.png in Resources */ = {isa = PBXBuildFile; fileRef = 6D6BD5EA18E9E53200B45823 /* 3bar.png */; };
		6D6BD5ED18E9E58900B45823 /* AboutUS.png in Resources */ = {isa = PBXBuildFile; fileRef = 6D6BD5EC18E9E58900B45823 /* AboutUS.png */; };
		6DEDF584190DE7610073DBD0 /* AddressBook.framework in Frameworks */ = {isa = PBXBuildFile; fileRef = 6DEDF583190DE7610073DBD0 /* AddressBook.framework */; };
		6DEDF586190DE7670073DBD0 /* AddressBookUI.framework in Frameworks */ = {isa = PBXBuildFile; fileRef = 6DEDF585190DE7670073DBD0 /* AddressBookUI.framework */; };
		890792E118D0FDC1001EFA85 /* HEALDrunkStateViewController.m in Sources */ = {isa = PBXBuildFile; fileRef = 890792DC18D0FDC1001EFA85 /* HEALDrunkStateViewController.m */; };
		890792E218D0FDC1001EFA85 /* HEALLogoViewController.m in Sources */ = {isa = PBXBuildFile; fileRef = 890792DE18D0FDC1001EFA85 /* HEALLogoViewController.m */; };
		8908588418C538D40020383C /* HEALUser.m in Sources */ = {isa = PBXBuildFile; fileRef = 8908588318C538D40020383C /* HEALUser.m */; };
		8944D52218E122C700E39EC7 /* gradiantRight.png in Resources */ = {isa = PBXBuildFile; fileRef = 8944D52118E122C700E39EC7 /* gradiantRight.png */; };
		8956FC5618BBD6D70018F32B /* UIKit.framework in Frameworks */ = {isa = PBXBuildFile; fileRef = 8956FC5518BBD6D70018F32B /* UIKit.framework */; };
		8956FC5818BBD6D70018F32B /* Foundation.framework in Frameworks */ = {isa = PBXBuildFile; fileRef = 8956FC5718BBD6D70018F32B /* Foundation.framework */; };
		8956FC5A18BBD6D70018F32B /* CoreGraphics.framework in Frameworks */ = {isa = PBXBuildFile; fileRef = 8956FC5918BBD6D70018F32B /* CoreGraphics.framework */; };
		8956FC5C18BBD6D70018F32B /* CoreData.framework in Frameworks */ = {isa = PBXBuildFile; fileRef = 8956FC5B18BBD6D70018F32B /* CoreData.framework */; };
		8956FC6218BBD6D70018F32B /* InfoPlist.strings in Resources */ = {isa = PBXBuildFile; fileRef = 8956FC6018BBD6D70018F32B /* InfoPlist.strings */; };
		8956FC6418BBD6D70018F32B /* main.m in Sources */ = {isa = PBXBuildFile; fileRef = 8956FC6318BBD6D70018F32B /* main.m */; };
		8956FC6818BBD6D70018F32B /* HEALAppDelegate.m in Sources */ = {isa = PBXBuildFile; fileRef = 8956FC6718BBD6D70018F32B /* HEALAppDelegate.m */; };
		8956FC6A18BBD6D70018F32B /* Default.png in Resources */ = {isa = PBXBuildFile; fileRef = 8956FC6918BBD6D70018F32B /* Default.png */; };
		8956FC6C18BBD6D70018F32B /* Default@2x.png in Resources */ = {isa = PBXBuildFile; fileRef = 8956FC6B18BBD6D70018F32B /* Default@2x.png */; };
		8956FC6E18BBD6D70018F32B /* Default-568h@2x.png in Resources */ = {isa = PBXBuildFile; fileRef = 8956FC6D18BBD6D70018F32B /* Default-568h@2x.png */; };
		8956FC7118BBD6D70018F32B /* drinkingApp.xcdatamodeld in Sources */ = {isa = PBXBuildFile; fileRef = 8956FC6F18BBD6D70018F32B /* drinkingApp.xcdatamodeld */; };
		8956FC7918BBD6D80018F32B /* SenTestingKit.framework in Frameworks */ = {isa = PBXBuildFile; fileRef = 8956FC7818BBD6D80018F32B /* SenTestingKit.framework */; };
		8956FC7A18BBD6D80018F32B /* UIKit.framework in Frameworks */ = {isa = PBXBuildFile; fileRef = 8956FC5518BBD6D70018F32B /* UIKit.framework */; };
		8956FC7B18BBD6D80018F32B /* Foundation.framework in Frameworks */ = {isa = PBXBuildFile; fileRef = 8956FC5718BBD6D70018F32B /* Foundation.framework */; };
		8956FC7C18BBD6D80018F32B /* CoreData.framework in Frameworks */ = {isa = PBXBuildFile; fileRef = 8956FC5B18BBD6D70018F32B /* CoreData.framework */; };
		8956FC8418BBD6D80018F32B /* InfoPlist.strings in Resources */ = {isa = PBXBuildFile; fileRef = 8956FC8218BBD6D80018F32B /* InfoPlist.strings */; };
		8956FC8718BBD6D80018F32B /* drinkingAppTests.m in Sources */ = {isa = PBXBuildFile; fileRef = 8956FC8618BBD6D80018F32B /* drinkingAppTests.m */; };
		8999444918FC407100C83A85 /* HEALEditSMSSettingsViewController.m in Sources */ = {isa = PBXBuildFile; fileRef = 8999444818FC407100C83A85 /* HEALEditSMSSettingsViewController.m */; };
		89D32C5418BE759C003920FE /* MainStoryboard.storyboard in Resources */ = {isa = PBXBuildFile; fileRef = 89D32C5318BE759C003920FE /* MainStoryboard.storyboard */; };
		89D32C5718BE7AA1003920FE /* HEALEditSettingsViewController.m in Sources */ = {isa = PBXBuildFile; fileRef = 89D32C5618BE7AA1003920FE /* HEALEditSettingsViewController.m */; };
		89D32C5A18BE7B54003920FE /* HEALMainViewController.m in Sources */ = {isa = PBXBuildFile; fileRef = 89D32C5918BE7B54003920FE /* HEALMainViewController.m */; };
		89D59E5C18E37BF500C013C1 /* threelines.png in Resources */ = {isa = PBXBuildFile; fileRef = 89D59E5B18E37BF400C013C1 /* threelines.png */; };
		89F840D118DFFB1B0048AD95 /* RadioButton.m in Sources */ = {isa = PBXBuildFile; fileRef = 89F840D018DFFB1B0048AD95 /* RadioButton.m */; };
		89F840D718DFFCDC0048AD95 /* checked.png in Resources */ = {isa = PBXBuildFile; fileRef = 89F840D318DFFCDC0048AD95 /* checked.png */; };
		89F840D818DFFCDC0048AD95 /* checked@2x.png in Resources */ = {isa = PBXBuildFile; fileRef = 89F840D418DFFCDC0048AD95 /* checked@2x.png */; };
		89F840D918DFFCDC0048AD95 /* unchecked.png in Resources */ = {isa = PBXBuildFile; fileRef = 89F840D518DFFCDC0048AD95 /* unchecked.png */; };
		89F840DA18DFFCDC0048AD95 /* unchecked@2x.png in Resources */ = {isa = PBXBuildFile; fileRef = 89F840D618DFFCDC0048AD95 /* unchecked@2x.png */; };
		89F89D3518C7B37E00143AD4 /* HEALNight.m in Sources */ = {isa = PBXBuildFile; fileRef = 89F89D3418C7B37E00143AD4 /* HEALNight.m */; };
		98846017190F014C00EB4083 /* add_emergency_contact.png in Resources */ = {isa = PBXBuildFile; fileRef = 98846016190F014C00EB4083 /* add_emergency_contact.png */; };
		A811E4D318E3991D00970E77 /* BlurLogoScreen.png in Resources */ = {isa = PBXBuildFile; fileRef = A811E4D218E3991D00970E77 /* BlurLogoScreen.png */; };
		A811E4D718E3ACCF00970E77 /* sampleNavBar.png in Resources */ = {isa = PBXBuildFile; fileRef = A811E4D618E3ACCF00970E77 /* sampleNavBar.png */; };
		A811E4D918E3AEAF00970E77 /* sampleNavBar1.png in Resources */ = {isa = PBXBuildFile; fileRef = A811E4D818E3AEAF00970E77 /* sampleNavBar1.png */; };
		A811E4DF18E4B22E00970E77 /* DeadState.png in Resources */ = {isa = PBXBuildFile; fileRef = A811E4DE18E4B22E00970E77 /* DeadState.png */; };
		A811E4E718E5139800970E77 /* empty.png in Resources */ = {isa = PBXBuildFile; fileRef = A811E4E618E5139800970E77 /* empty.png */; };
		A811E4E918E5191700970E77 /* Flip.png in Resources */ = {isa = PBXBuildFile; fileRef = A811E4E818E5191700970E77 /* Flip.png */; };
		A894A7531912C9E3009B88EB /* DrunkButton.png in Resources */ = {isa = PBXBuildFile; fileRef = A894A7501912C9E3009B88EB /* DrunkButton.png */; };
		A894A7541912C9E3009B88EB /* SoberButton.png in Resources */ = {isa = PBXBuildFile; fileRef = A894A7511912C9E3009B88EB /* SoberButton.png */; };
		A894A7551912C9E3009B88EB /* TipsyButton.png in Resources */ = {isa = PBXBuildFile; fileRef = A894A7521912C9E3009B88EB /* TipsyButton.png */; };
		A894A75B1912F519009B88EB /* IconDS58.png in Resources */ = {isa = PBXBuildFile; fileRef = A894A7581912F519009B88EB /* IconDS58.png */; };
		A894A75C1912F519009B88EB /* IconDS80.png in Resources */ = {isa = PBXBuildFile; fileRef = A894A7591912F519009B88EB /* IconDS80.png */; };
		A894A75D1912F519009B88EB /* IconDS120.png in Resources */ = {isa = PBXBuildFile; fileRef = A894A75A1912F519009B88EB /* IconDS120.png */; };
		A894A75F1912F7A0009B88EB /* DSIcon57.png in Resources */ = {isa = PBXBuildFile; fileRef = A894A75E1912F7A0009B88EB /* DSIcon57.png */; };
		A894A7611912F8F8009B88EB /* DSIcon40.png in Resources */ = {isa = PBXBuildFile; fileRef = A894A7601912F8F8009B88EB /* DSIcon40.png */; };
		A894A763191332DD009B88EB /* PersonalSettings.png in Resources */ = {isa = PBXBuildFile; fileRef = A894A762191332DD009B88EB /* PersonalSettings.png */; };
		A894A7651913344E009B88EB /* USettings.png in Resources */ = {isa = PBXBuildFile; fileRef = A894A7641913344E009B88EB /* USettings.png */; };
		A894A767191351F7009B88EB /* PlainDangerButton.png in Resources */ = {isa = PBXBuildFile; fileRef = A894A766191351F7009B88EB /* PlainDangerButton.png */; };
		A894A76D19135905009B88EB /* SMSEnvelope.png in Resources */ = {isa = PBXBuildFile; fileRef = A894A76C19135905009B88EB /* SMSEnvelope.png */; };
		A89E16171903160D000FFCDE /* Default~iphone.png in Resources */ = {isa = PBXBuildFile; fileRef = A89E16161903160D000FFCDE /* Default~iphone.png */; };
		A89E161919031A62000FFCDE /* Images.xcassets in Resources */ = {isa = PBXBuildFile; fileRef = A89E161819031A62000FFCDE /* Images.xcassets */; };
		A89E162719074118000FFCDE /* purple1.png in Resources */ = {isa = PBXBuildFile; fileRef = A89E162619074118000FFCDE /* purple1.png */; };
		A8B3581C18EE5CCD008AF5FE /* CERoundProgressLayer.m in Sources */ = {isa = PBXBuildFile; fileRef = A8B3581918EE5CCD008AF5FE /* CERoundProgressLayer.m */; };
		A8B3581D18EE5CCD008AF5FE /* CERoundProgressView.m in Sources */ = {isa = PBXBuildFile; fileRef = A8B3581B18EE5CCD008AF5FE /* CERoundProgressView.m */; };
		A8B3581F18EE5E55008AF5FE /* QuartzCore.framework in Frameworks */ = {isa = PBXBuildFile; fileRef = A8B3581E18EE5E55008AF5FE /* QuartzCore.framework */; };
		A8B3582F18F8318B008AF5FE /* bacbar.png in Resources */ = {isa = PBXBuildFile; fileRef = A8B3582B18F8318B008AF5FE /* bacbar.png */; };
		A8B3583018F8318B008AF5FE /* newnightbar.png in Resources */ = {isa = PBXBuildFile; fileRef = A8B3582C18F8318B008AF5FE /* newnightbar.png */; };
		A8B3583118F8318B008AF5FE /* settingsbar.png in Resources */ = {isa = PBXBuildFile; fileRef = A8B3582D18F8318B008AF5FE /* settingsbar.png */; };
		A8B3583218F8318B008AF5FE /* sosbar.png in Resources */ = {isa = PBXBuildFile; fileRef = A8B3582E18F8318B008AF5FE /* sosbar.png */; };
		A8B35834190080A3008AF5FE /* SoberArrow.png in Resources */ = {isa = PBXBuildFile; fileRef = A8B35833190080A3008AF5FE /* SoberArrow.png */; };
		A8B35836190080A8008AF5FE /* TipsyArrow.png in Resources */ = {isa = PBXBuildFile; fileRef = A8B35835190080A8008AF5FE /* TipsyArrow.png */; };
		A8B358381900831F008AF5FE /* DrunkArrow.png in Resources */ = {isa = PBXBuildFile; fileRef = A8B358371900831F008AF5FE /* DrunkArrow.png */; };
		A8B358401900947E008AF5FE /* BACInfo.png in Resources */ = {isa = PBXBuildFile; fileRef = A8B3583F1900947E008AF5FE /* BACInfo.png */; };
		A8B7975918EBCE7B00686E79 /* SettingsScreen.png in Resources */ = {isa = PBXBuildFile; fileRef = A8B7975818EBCE7B00686E79 /* SettingsScreen.png */; };
		A8B7975B18EC3EB300686E79 /* NewUserSettings.png in Resources */ = {isa = PBXBuildFile; fileRef = A8B7975A18EC3EB300686E79 /* NewUserSettings.png */; };
		A8B7975D18EC42D900686E79 /* AddDrink.png in Resources */ = {isa = PBXBuildFile; fileRef = A8B7975C18EC42D900686E79 /* AddDrink.png */; };
		A8B7975F18EC446300686E79 /* AddDrinkedited.png in Resources */ = {isa = PBXBuildFile; fileRef = A8B7975E18EC446300686E79 /* AddDrinkedited.png */; };
		A8B7977118EC594000686E79 /* TipsyButton.png in Resources */ = {isa = PBXBuildFile; fileRef = A8B7977018EC594000686E79 /* TipsyButton.png */; };
		A8B7977318EC594500686E79 /* DrunkButton.png in Resources */ = {isa = PBXBuildFile; fileRef = A8B7977218EC594500686E79 /* DrunkButton.png */; };
		A8B7977618EC5A6A00686E79 /* CenterButtonSober.png in Resources */ = {isa = PBXBuildFile; fileRef = A8B7977518EC5A6A00686E79 /* CenterButtonSober.png */; };
		A8B7977818EC5F6900686E79 /* DangerButton.png in Resources */ = {isa = PBXBuildFile; fileRef = A8B7977718EC5F6900686E79 /* DangerButton.png */; };
		A8B7977A18EC612000686E79 /* DangerButtonSMS.png in Resources */ = {isa = PBXBuildFile; fileRef = A8B7977918EC612000686E79 /* DangerButtonSMS.png */; };
		A8E4FA7819117E3700662843 /* Cambria.ttf in Resources */ = {isa = PBXBuildFile; fileRef = A8FC61B0190A93C600DAFDC8 /* Cambria.ttf */; };
		A8FC61B6190A9F8000DAFDC8 /* DrunkState.png in Resources */ = {isa = PBXBuildFile; fileRef = A8FC61B3190A9F8000DAFDC8 /* DrunkState.png */; };
		A8FC61B7190A9F8000DAFDC8 /* SoberState.png in Resources */ = {isa = PBXBuildFile; fileRef = A8FC61B4190A9F8000DAFDC8 /* SoberState.png */; };
		A8FC61B8190A9F8000DAFDC8 /* TipsyState.png in Resources */ = {isa = PBXBuildFile; fileRef = A8FC61B5190A9F8000DAFDC8 /* TipsyState.png */; };
/* End PBXBuildFile section */

/* Begin PBXContainerItemProxy section */
		8956FC7D18BBD6D80018F32B /* PBXContainerItemProxy */ = {
			isa = PBXContainerItemProxy;
			containerPortal = 8956FC4A18BBD6D70018F32B /* Project object */;
			proxyType = 1;
			remoteGlobalIDString = 8956FC5118BBD6D70018F32B;
			remoteInfo = drinkingApp;
		};
/* End PBXContainerItemProxy section */

/* Begin PBXFileReference section */
		6D4118D318DF850E000EBBED /* MessageUI.framework */ = {isa = PBXFileReference; lastKnownFileType = wrapper.framework; name = MessageUI.framework; path = System/Library/Frameworks/MessageUI.framework; sourceTree = SDKROOT; };
		6D6BD5EA18E9E53200B45823 /* 3bar.png */ = {isa = PBXFileReference; lastKnownFileType = image.png; path = 3bar.png; sourceTree = "<group>"; };
		6D6BD5EC18E9E58900B45823 /* AboutUS.png */ = {isa = PBXFileReference; lastKnownFileType = image.png; path = AboutUS.png; sourceTree = "<group>"; };
		6DEDF583190DE7610073DBD0 /* AddressBook.framework */ = {isa = PBXFileReference; lastKnownFileType = wrapper.framework; name = AddressBook.framework; path = System/Library/Frameworks/AddressBook.framework; sourceTree = SDKROOT; };
		6DEDF585190DE7670073DBD0 /* AddressBookUI.framework */ = {isa = PBXFileReference; lastKnownFileType = wrapper.framework; name = AddressBookUI.framework; path = System/Library/Frameworks/AddressBookUI.framework; sourceTree = SDKROOT; };
		890792DB18D0FDC1001EFA85 /* HEALDrunkStateViewController.h */ = {isa = PBXFileReference; fileEncoding = 4; lastKnownFileType = sourcecode.c.h; name = HEALDrunkStateViewController.h; path = ../HEALDrunkStateViewController.h; sourceTree = "<group>"; };
		890792DC18D0FDC1001EFA85 /* HEALDrunkStateViewController.m */ = {isa = PBXFileReference; fileEncoding = 4; lastKnownFileType = sourcecode.c.objc; name = HEALDrunkStateViewController.m; path = ../HEALDrunkStateViewController.m; sourceTree = "<group>"; };
		890792DD18D0FDC1001EFA85 /* HEALLogoViewController.h */ = {isa = PBXFileReference; fileEncoding = 4; lastKnownFileType = sourcecode.c.h; name = HEALLogoViewController.h; path = ../HEALLogoViewController.h; sourceTree = "<group>"; };
		890792DE18D0FDC1001EFA85 /* HEALLogoViewController.m */ = {isa = PBXFileReference; fileEncoding = 4; lastKnownFileType = sourcecode.c.objc; name = HEALLogoViewController.m; path = ../HEALLogoViewController.m; sourceTree = "<group>"; };
		8908588218C538D40020383C /* HEALUser.h */ = {isa = PBXFileReference; fileEncoding = 4; lastKnownFileType = sourcecode.c.h; name = HEALUser.h; path = ../HEALUser.h; sourceTree = "<group>"; };
		8908588318C538D40020383C /* HEALUser.m */ = {isa = PBXFileReference; fileEncoding = 4; lastKnownFileType = sourcecode.c.objc; name = HEALUser.m; path = ../HEALUser.m; sourceTree = "<group>"; };
		8944D52118E122C700E39EC7 /* gradiantRight.png */ = {isa = PBXFileReference; lastKnownFileType = image.png; path = gradiantRight.png; sourceTree = "<group>"; };
		8956FC5218BBD6D70018F32B /* drinkingApp.app */ = {isa = PBXFileReference; explicitFileType = wrapper.application; includeInIndex = 0; path = drinkingApp.app; sourceTree = BUILT_PRODUCTS_DIR; };
		8956FC5518BBD6D70018F32B /* UIKit.framework */ = {isa = PBXFileReference; lastKnownFileType = wrapper.framework; name = UIKit.framework; path = System/Library/Frameworks/UIKit.framework; sourceTree = SDKROOT; };
		8956FC5718BBD6D70018F32B /* Foundation.framework */ = {isa = PBXFileReference; lastKnownFileType = wrapper.framework; name = Foundation.framework; path = System/Library/Frameworks/Foundation.framework; sourceTree = SDKROOT; };
		8956FC5918BBD6D70018F32B /* CoreGraphics.framework */ = {isa = PBXFileReference; lastKnownFileType = wrapper.framework; name = CoreGraphics.framework; path = System/Library/Frameworks/CoreGraphics.framework; sourceTree = SDKROOT; };
		8956FC5B18BBD6D70018F32B /* CoreData.framework */ = {isa = PBXFileReference; lastKnownFileType = wrapper.framework; name = CoreData.framework; path = System/Library/Frameworks/CoreData.framework; sourceTree = SDKROOT; };
		8956FC5F18BBD6D70018F32B /* drinkingApp-Info.plist */ = {isa = PBXFileReference; lastKnownFileType = text.plist.xml; path = "drinkingApp-Info.plist"; sourceTree = "<group>"; };
		8956FC6118BBD6D70018F32B /* en */ = {isa = PBXFileReference; lastKnownFileType = text.plist.strings; name = en; path = en.lproj/InfoPlist.strings; sourceTree = "<group>"; };
		8956FC6318BBD6D70018F32B /* main.m */ = {isa = PBXFileReference; lastKnownFileType = sourcecode.c.objc; path = main.m; sourceTree = "<group>"; };
		8956FC6518BBD6D70018F32B /* drinkingApp-Prefix.pch */ = {isa = PBXFileReference; lastKnownFileType = sourcecode.c.h; path = "drinkingApp-Prefix.pch"; sourceTree = "<group>"; };
		8956FC6618BBD6D70018F32B /* HEALAppDelegate.h */ = {isa = PBXFileReference; lastKnownFileType = sourcecode.c.h; path = HEALAppDelegate.h; sourceTree = "<group>"; };
		8956FC6718BBD6D70018F32B /* HEALAppDelegate.m */ = {isa = PBXFileReference; lastKnownFileType = sourcecode.c.objc; path = HEALAppDelegate.m; sourceTree = "<group>"; };
		8956FC6918BBD6D70018F32B /* Default.png */ = {isa = PBXFileReference; lastKnownFileType = image.png; path = Default.png; sourceTree = "<group>"; };
		8956FC6B18BBD6D70018F32B /* Default@2x.png */ = {isa = PBXFileReference; lastKnownFileType = image.png; path = "Default@2x.png"; sourceTree = "<group>"; };
		8956FC6D18BBD6D70018F32B /* Default-568h@2x.png */ = {isa = PBXFileReference; lastKnownFileType = image.png; path = "Default-568h@2x.png"; sourceTree = "<group>"; };
		8956FC7018BBD6D70018F32B /* drinkingApp.xcdatamodel */ = {isa = PBXFileReference; lastKnownFileType = wrapper.xcdatamodel; path = drinkingApp.xcdatamodel; sourceTree = "<group>"; };
		8956FC7718BBD6D80018F32B /* drinkingAppTests.octest */ = {isa = PBXFileReference; explicitFileType = wrapper.cfbundle; includeInIndex = 0; path = drinkingAppTests.octest; sourceTree = BUILT_PRODUCTS_DIR; };
		8956FC7818BBD6D80018F32B /* SenTestingKit.framework */ = {isa = PBXFileReference; lastKnownFileType = wrapper.framework; name = SenTestingKit.framework; path = Library/Frameworks/SenTestingKit.framework; sourceTree = DEVELOPER_DIR; };
		8956FC8118BBD6D80018F32B /* drinkingAppTests-Info.plist */ = {isa = PBXFileReference; lastKnownFileType = text.plist.xml; path = "drinkingAppTests-Info.plist"; sourceTree = "<group>"; };
		8956FC8318BBD6D80018F32B /* en */ = {isa = PBXFileReference; lastKnownFileType = text.plist.strings; name = en; path = en.lproj/InfoPlist.strings; sourceTree = "<group>"; };
		8956FC8518BBD6D80018F32B /* drinkingAppTests.h */ = {isa = PBXFileReference; lastKnownFileType = sourcecode.c.h; path = drinkingAppTests.h; sourceTree = "<group>"; };
		8956FC8618BBD6D80018F32B /* drinkingAppTests.m */ = {isa = PBXFileReference; lastKnownFileType = sourcecode.c.objc; path = drinkingAppTests.m; sourceTree = "<group>"; };
		8999444718FC407100C83A85 /* HEALEditSMSSettingsViewController.h */ = {isa = PBXFileReference; fileEncoding = 4; lastKnownFileType = sourcecode.c.h; path = HEALEditSMSSettingsViewController.h; sourceTree = "<group>"; };
		8999444818FC407100C83A85 /* HEALEditSMSSettingsViewController.m */ = {isa = PBXFileReference; fileEncoding = 4; lastKnownFileType = sourcecode.c.objc; path = HEALEditSMSSettingsViewController.m; sourceTree = "<group>"; };
		89D32C5318BE759C003920FE /* MainStoryboard.storyboard */ = {isa = PBXFileReference; fileEncoding = 4; lastKnownFileType = file.storyboard; name = MainStoryboard.storyboard; path = ../MainStoryboard.storyboard; sourceTree = "<group>"; };
		89D32C5518BE7AA1003920FE /* HEALEditSettingsViewController.h */ = {isa = PBXFileReference; fileEncoding = 4; lastKnownFileType = sourcecode.c.h; name = HEALEditSettingsViewController.h; path = ../HEALEditSettingsViewController.h; sourceTree = "<group>"; };
		89D32C5618BE7AA1003920FE /* HEALEditSettingsViewController.m */ = {isa = PBXFileReference; fileEncoding = 4; lastKnownFileType = sourcecode.c.objc; name = HEALEditSettingsViewController.m; path = ../HEALEditSettingsViewController.m; sourceTree = "<group>"; };
		89D32C5818BE7B54003920FE /* HEALMainViewController.h */ = {isa = PBXFileReference; fileEncoding = 4; lastKnownFileType = sourcecode.c.h; name = HEALMainViewController.h; path = ../HEALMainViewController.h; sourceTree = "<group>"; };
		89D32C5918BE7B54003920FE /* HEALMainViewController.m */ = {isa = PBXFileReference; fileEncoding = 4; lastKnownFileType = sourcecode.c.objc; name = HEALMainViewController.m; path = ../HEALMainViewController.m; sourceTree = "<group>"; };
		89D59E5B18E37BF400C013C1 /* threelines.png */ = {isa = PBXFileReference; lastKnownFileType = image.png; path = threelines.png; sourceTree = "<group>"; };
		89F840CF18DFFB1B0048AD95 /* RadioButton.h */ = {isa = PBXFileReference; fileEncoding = 4; lastKnownFileType = sourcecode.c.h; path = RadioButton.h; sourceTree = SOURCE_ROOT; };
		89F840D018DFFB1B0048AD95 /* RadioButton.m */ = {isa = PBXFileReference; fileEncoding = 4; lastKnownFileType = sourcecode.c.objc; path = RadioButton.m; sourceTree = SOURCE_ROOT; };
		89F840D318DFFCDC0048AD95 /* checked.png */ = {isa = PBXFileReference; lastKnownFileType = image.png; path = checked.png; sourceTree = "<group>"; };
		89F840D418DFFCDC0048AD95 /* checked@2x.png */ = {isa = PBXFileReference; lastKnownFileType = image.png; path = "checked@2x.png"; sourceTree = "<group>"; };
		89F840D518DFFCDC0048AD95 /* unchecked.png */ = {isa = PBXFileReference; lastKnownFileType = image.png; path = unchecked.png; sourceTree = "<group>"; };
		89F840D618DFFCDC0048AD95 /* unchecked@2x.png */ = {isa = PBXFileReference; lastKnownFileType = image.png; path = "unchecked@2x.png"; sourceTree = "<group>"; };
		89F89D3318C7B37E00143AD4 /* HEALNight.h */ = {isa = PBXFileReference; fileEncoding = 4; lastKnownFileType = sourcecode.c.h; name = HEALNight.h; path = ../HEALNight.h; sourceTree = "<group>"; };
		89F89D3418C7B37E00143AD4 /* HEALNight.m */ = {isa = PBXFileReference; fileEncoding = 4; lastKnownFileType = sourcecode.c.objc; name = HEALNight.m; path = ../HEALNight.m; sourceTree = "<group>"; };
		98846016190F014C00EB4083 /* add_emergency_contact.png */ = {isa = PBXFileReference; lastKnownFileType = image.png; name = add_emergency_contact.png; path = Images/add_emergency_contact.png; sourceTree = SOURCE_ROOT; };
		A811E4D218E3991D00970E77 /* BlurLogoScreen.png */ = {isa = PBXFileReference; lastKnownFileType = image.png; name = BlurLogoScreen.png; path = Images/BlurLogoScreen.png; sourceTree = SOURCE_ROOT; };
		A811E4D618E3ACCF00970E77 /* sampleNavBar.png */ = {isa = PBXFileReference; lastKnownFileType = image.png; name = sampleNavBar.png; path = Images/sampleNavBar.png; sourceTree = SOURCE_ROOT; };
		A811E4D818E3AEAF00970E77 /* sampleNavBar1.png */ = {isa = PBXFileReference; lastKnownFileType = image.png; name = sampleNavBar1.png; path = Images/sampleNavBar1.png; sourceTree = SOURCE_ROOT; };
		A811E4DE18E4B22E00970E77 /* DeadState.png */ = {isa = PBXFileReference; lastKnownFileType = image.png; name = DeadState.png; path = Images/DeadState.png; sourceTree = SOURCE_ROOT; };
		A811E4E618E5139800970E77 /* empty.png */ = {isa = PBXFileReference; lastKnownFileType = image.png; name = empty.png; path = Images/empty.png; sourceTree = SOURCE_ROOT; };
		A811E4E818E5191700970E77 /* Flip.png */ = {isa = PBXFileReference; lastKnownFileType = image.png; name = Flip.png; path = Images/Flip.png; sourceTree = SOURCE_ROOT; };
		A894A7501912C9E3009B88EB /* DrunkButton.png */ = {isa = PBXFileReference; lastKnownFileType = image.png; name = DrunkButton.png; path = "Images/Final State Buttons/DrunkButton.png"; sourceTree = SOURCE_ROOT; };
		A894A7511912C9E3009B88EB /* SoberButton.png */ = {isa = PBXFileReference; lastKnownFileType = image.png; name = SoberButton.png; path = "Images/Final State Buttons/SoberButton.png"; sourceTree = SOURCE_ROOT; };
		A894A7521912C9E3009B88EB /* TipsyButton.png */ = {isa = PBXFileReference; lastKnownFileType = image.png; name = TipsyButton.png; path = "Images/Final State Buttons/TipsyButton.png"; sourceTree = SOURCE_ROOT; };
		A894A7581912F519009B88EB /* IconDS58.png */ = {isa = PBXFileReference; lastKnownFileType = image.png; path = IconDS58.png; sourceTree = "<group>"; };
		A894A7591912F519009B88EB /* IconDS80.png */ = {isa = PBXFileReference; lastKnownFileType = image.png; path = IconDS80.png; sourceTree = "<group>"; };
		A894A75A1912F519009B88EB /* IconDS120.png */ = {isa = PBXFileReference; lastKnownFileType = image.png; path = IconDS120.png; sourceTree = "<group>"; };
		A894A75E1912F7A0009B88EB /* DSIcon57.png */ = {isa = PBXFileReference; lastKnownFileType = image.png; path = DSIcon57.png; sourceTree = "<group>"; };
		A894A7601912F8F8009B88EB /* DSIcon40.png */ = {isa = PBXFileReference; lastKnownFileType = image.png; path = DSIcon40.png; sourceTree = "<group>"; };
		A894A762191332DD009B88EB /* PersonalSettings.png */ = {isa = PBXFileReference; lastKnownFileType = image.png; path = PersonalSettings.png; sourceTree = "<group>"; };
		A894A7641913344E009B88EB /* USettings.png */ = {isa = PBXFileReference; lastKnownFileType = image.png; path = USettings.png; sourceTree = "<group>"; };
		A894A766191351F7009B88EB /* PlainDangerButton.png */ = {isa = PBXFileReference; lastKnownFileType = image.png; path = PlainDangerButton.png; sourceTree = "<group>"; };
		A894A76C19135905009B88EB /* SMSEnvelope.png */ = {isa = PBXFileReference; lastKnownFileType = image.png; path = SMSEnvelope.png; sourceTree = "<group>"; };
		A89E16161903160D000FFCDE /* Default~iphone.png */ = {isa = PBXFileReference; lastKnownFileType = image.png; name = "Default~iphone.png"; path = "Images/Default~iphone.png"; sourceTree = "<group>"; };
		A89E161819031A62000FFCDE /* Images.xcassets */ = {isa = PBXFileReference; lastKnownFileType = folder.assetcatalog; path = Images.xcassets; sourceTree = "<group>"; };
		A89E162619074118000FFCDE /* purple1.png */ = {isa = PBXFileReference; lastKnownFileType = image.png; name = purple1.png; path = Images/purple1.png; sourceTree = SOURCE_ROOT; };
		A8B3581818EE5CCD008AF5FE /* CERoundProgressLayer.h */ = {isa = PBXFileReference; fileEncoding = 4; lastKnownFileType = sourcecode.c.h; path = CERoundProgressLayer.h; sourceTree = "<group>"; };
		A8B3581918EE5CCD008AF5FE /* CERoundProgressLayer.m */ = {isa = PBXFileReference; fileEncoding = 4; lastKnownFileType = sourcecode.c.objc; path = CERoundProgressLayer.m; sourceTree = "<group>"; };
		A8B3581A18EE5CCD008AF5FE /* CERoundProgressView.h */ = {isa = PBXFileReference; fileEncoding = 4; lastKnownFileType = sourcecode.c.h; path = CERoundProgressView.h; sourceTree = "<group>"; };
		A8B3581B18EE5CCD008AF5FE /* CERoundProgressView.m */ = {isa = PBXFileReference; fileEncoding = 4; lastKnownFileType = sourcecode.c.objc; path = CERoundProgressView.m; sourceTree = "<group>"; };
		A8B3581E18EE5E55008AF5FE /* QuartzCore.framework */ = {isa = PBXFileReference; lastKnownFileType = wrapper.framework; name = QuartzCore.framework; path = System/Library/Frameworks/QuartzCore.framework; sourceTree = SDKROOT; };
		A8B3582B18F8318B008AF5FE /* bacbar.png */ = {isa = PBXFileReference; lastKnownFileType = image.png; path = bacbar.png; sourceTree = "<group>"; };
		A8B3582C18F8318B008AF5FE /* newnightbar.png */ = {isa = PBXFileReference; lastKnownFileType = image.png; path = newnightbar.png; sourceTree = "<group>"; };
		A8B3582D18F8318B008AF5FE /* settingsbar.png */ = {isa = PBXFileReference; lastKnownFileType = image.png; path = settingsbar.png; sourceTree = "<group>"; };
		A8B3582E18F8318B008AF5FE /* sosbar.png */ = {isa = PBXFileReference; lastKnownFileType = image.png; path = sosbar.png; sourceTree = "<group>"; };
		A8B35833190080A3008AF5FE /* SoberArrow.png */ = {isa = PBXFileReference; lastKnownFileType = image.png; name = SoberArrow.png; path = "Images/button arrow/SoberArrow.png"; sourceTree = SOURCE_ROOT; };
		A8B35835190080A8008AF5FE /* TipsyArrow.png */ = {isa = PBXFileReference; lastKnownFileType = image.png; name = TipsyArrow.png; path = "Images/button arrow/TipsyArrow.png"; sourceTree = SOURCE_ROOT; };
		A8B358371900831F008AF5FE /* DrunkArrow.png */ = {isa = PBXFileReference; lastKnownFileType = image.png; name = DrunkArrow.png; path = "Images/button arrow/DrunkArrow.png"; sourceTree = SOURCE_ROOT; };
		A8B3583F1900947E008AF5FE /* BACInfo.png */ = {isa = PBXFileReference; lastKnownFileType = image.png; name = BACInfo.png; path = Images/BACInfo.png; sourceTree = SOURCE_ROOT; };
		A8B7975818EBCE7B00686E79 /* SettingsScreen.png */ = {isa = PBXFileReference; lastKnownFileType = image.png; name = SettingsScreen.png; path = Images/SettingsScreen.png; sourceTree = SOURCE_ROOT; };
		A8B7975A18EC3EB300686E79 /* NewUserSettings.png */ = {isa = PBXFileReference; lastKnownFileType = image.png; name = NewUserSettings.png; path = Images/NewUserSettings.png; sourceTree = SOURCE_ROOT; };
		A8B7975C18EC42D900686E79 /* AddDrink.png */ = {isa = PBXFileReference; lastKnownFileType = image.png; name = AddDrink.png; path = Images/AddDrink.png; sourceTree = SOURCE_ROOT; };
		A8B7975E18EC446300686E79 /* AddDrinkedited.png */ = {isa = PBXFileReference; lastKnownFileType = image.png; name = AddDrinkedited.png; path = Images/AddDrinkedited.png; sourceTree = SOURCE_ROOT; };
		A8B7977018EC594000686E79 /* TipsyButton.png */ = {isa = PBXFileReference; lastKnownFileType = image.png; name = TipsyButton.png; path = "Images/round buttons/TipsyButton.png"; sourceTree = SOURCE_ROOT; };
		A8B7977218EC594500686E79 /* DrunkButton.png */ = {isa = PBXFileReference; lastKnownFileType = image.png; name = DrunkButton.png; path = "Images/round buttons/DrunkButton.png"; sourceTree = SOURCE_ROOT; };
		A8B7977518EC5A6A00686E79 /* CenterButtonSober.png */ = {isa = PBXFileReference; lastKnownFileType = image.png; name = CenterButtonSober.png; path = "Images/round buttons/CenterButtonSober.png"; sourceTree = SOURCE_ROOT; };
		A8B7977718EC5F6900686E79 /* DangerButton.png */ = {isa = PBXFileReference; lastKnownFileType = image.png; name = DangerButton.png; path = "Images/round buttons/DangerButton.png"; sourceTree = SOURCE_ROOT; };
		A8B7977918EC612000686E79 /* DangerButtonSMS.png */ = {isa = PBXFileReference; lastKnownFileType = image.png; name = DangerButtonSMS.png; path = "Images/round buttons/DangerButtonSMS.png"; sourceTree = SOURCE_ROOT; };
		A8FC61B0190A93C600DAFDC8 /* Cambria.ttf */ = {isa = PBXFileReference; lastKnownFileType = file; path = Cambria.ttf; sourceTree = "<group>"; };
		A8FC61B1190A941B00DAFDC8 /* purple1.png */ = {isa = PBXFileReference; lastKnownFileType = image.png; name = purple1.png; path = Images/purple1.png; sourceTree = SOURCE_ROOT; };
		A8FC61B3190A9F8000DAFDC8 /* DrunkState.png */ = {isa = PBXFileReference; lastKnownFileType = image.png; name = DrunkState.png; path = "State Screens No Message/DrunkState.png"; sourceTree = SOURCE_ROOT; };
		A8FC61B4190A9F8000DAFDC8 /* SoberState.png */ = {isa = PBXFileReference; lastKnownFileType = image.png; name = SoberState.png; path = "State Screens No Message/SoberState.png"; sourceTree = SOURCE_ROOT; };
		A8FC61B5190A9F8000DAFDC8 /* TipsyState.png */ = {isa = PBXFileReference; lastKnownFileType = image.png; name = TipsyState.png; path = "State Screens No Message/TipsyState.png"; sourceTree = SOURCE_ROOT; };
/* End PBXFileReference section */

/* Begin PBXFrameworksBuildPhase section */
		8956FC4F18BBD6D70018F32B /* Frameworks */ = {
			isa = PBXFrameworksBuildPhase;
			buildActionMask = 2147483647;
			files = (
				6DEDF586190DE7670073DBD0 /* AddressBookUI.framework in Frameworks */,
				6DEDF584190DE7610073DBD0 /* AddressBook.framework in Frameworks */,
				8956FC5C18BBD6D70018F32B /* CoreData.framework in Frameworks */,
				A8B3581F18EE5E55008AF5FE /* QuartzCore.framework in Frameworks */,
				6D4118D418DF850E000EBBED /* MessageUI.framework in Frameworks */,
				8956FC5618BBD6D70018F32B /* UIKit.framework in Frameworks */,
				8956FC5818BBD6D70018F32B /* Foundation.framework in Frameworks */,
				8956FC5A18BBD6D70018F32B /* CoreGraphics.framework in Frameworks */,
			);
			runOnlyForDeploymentPostprocessing = 0;
		};
		8956FC7318BBD6D80018F32B /* Frameworks */ = {
			isa = PBXFrameworksBuildPhase;
			buildActionMask = 2147483647;
			files = (
				8956FC7918BBD6D80018F32B /* SenTestingKit.framework in Frameworks */,
				8956FC7A18BBD6D80018F32B /* UIKit.framework in Frameworks */,
				8956FC7B18BBD6D80018F32B /* Foundation.framework in Frameworks */,
				8956FC7C18BBD6D80018F32B /* CoreData.framework in Frameworks */,
			);
			runOnlyForDeploymentPostprocessing = 0;
		};
/* End PBXFrameworksBuildPhase section */

/* Begin PBXGroup section */
		890792E418D0FDDA001EFA85 /* Model */ = {
			isa = PBXGroup;
			children = (
				89F89D3318C7B37E00143AD4 /* HEALNight.h */,
				89F89D3418C7B37E00143AD4 /* HEALNight.m */,
				8908588218C538D40020383C /* HEALUser.h */,
				8908588318C538D40020383C /* HEALUser.m */,
			);
			name = Model;
			sourceTree = "<group>";
		};
		890792E518D0FE12001EFA85 /* ViewControllers */ = {
			isa = PBXGroup;
			children = (
				8999444718FC407100C83A85 /* HEALEditSMSSettingsViewController.h */,
				8999444818FC407100C83A85 /* HEALEditSMSSettingsViewController.m */,
				890792DB18D0FDC1001EFA85 /* HEALDrunkStateViewController.h */,
				890792DC18D0FDC1001EFA85 /* HEALDrunkStateViewController.m */,
				890792DD18D0FDC1001EFA85 /* HEALLogoViewController.h */,
				890792DE18D0FDC1001EFA85 /* HEALLogoViewController.m */,
				89D32C5818BE7B54003920FE /* HEALMainViewController.h */,
				89D32C5918BE7B54003920FE /* HEALMainViewController.m */,
				89D32C5518BE7AA1003920FE /* HEALEditSettingsViewController.h */,
				89D32C5618BE7AA1003920FE /* HEALEditSettingsViewController.m */,
			);
			name = ViewControllers;
			sourceTree = "<group>";
		};
		8956FC4918BBD6D70018F32B = {
			isa = PBXGroup;
			children = (
				A89E16161903160D000FFCDE /* Default~iphone.png */,
				A8FC61B0190A93C600DAFDC8 /* Cambria.ttf */,
				A8B3581718EE5CCD008AF5FE /* Third Party Progress Bar */,
				8956FC5D18BBD6D70018F32B /* drinkingApp */,
				8956FC7F18BBD6D80018F32B /* drinkingAppTests */,
				8956FC5418BBD6D70018F32B /* Frameworks */,
				8956FC5318BBD6D70018F32B /* Products */,
			);
			sourceTree = "<group>";
		};
		8956FC5318BBD6D70018F32B /* Products */ = {
			isa = PBXGroup;
			children = (
				8956FC5218BBD6D70018F32B /* drinkingApp.app */,
				8956FC7718BBD6D80018F32B /* drinkingAppTests.octest */,
			);
			name = Products;
			sourceTree = "<group>";
		};
		8956FC5418BBD6D70018F32B /* Frameworks */ = {
			isa = PBXGroup;
			children = (
				6DEDF585190DE7670073DBD0 /* AddressBookUI.framework */,
				6DEDF583190DE7610073DBD0 /* AddressBook.framework */,
				A8B3581E18EE5E55008AF5FE /* QuartzCore.framework */,
				6D4118D318DF850E000EBBED /* MessageUI.framework */,
				8956FC5518BBD6D70018F32B /* UIKit.framework */,
				8956FC5718BBD6D70018F32B /* Foundation.framework */,
				8956FC5918BBD6D70018F32B /* CoreGraphics.framework */,
				8956FC5B18BBD6D70018F32B /* CoreData.framework */,
				8956FC7818BBD6D80018F32B /* SenTestingKit.framework */,
			);
			name = Frameworks;
			sourceTree = "<group>";
		};
		8956FC5D18BBD6D70018F32B /* drinkingApp */ = {
			isa = PBXGroup;
			children = (
				89D32C5318BE759C003920FE /* MainStoryboard.storyboard */,
				89F840CB18DFFA6C0048AD95 /* RadioButton */,
				890792E418D0FDDA001EFA85 /* Model */,
				A855253F18CEAB7900567BDA /* GraphicsResources */,
				890792E518D0FE12001EFA85 /* ViewControllers */,
				8956FC6618BBD6D70018F32B /* HEALAppDelegate.h */,
				8956FC6718BBD6D70018F32B /* HEALAppDelegate.m */,
				8956FC6F18BBD6D70018F32B /* drinkingApp.xcdatamodeld */,
				A89E161819031A62000FFCDE /* Images.xcassets */,
				8956FC5E18BBD6D70018F32B /* Supporting Files */,
			);
			path = drinkingApp;
			sourceTree = "<group>";
		};
		8956FC5E18BBD6D70018F32B /* Supporting Files */ = {
			isa = PBXGroup;
			children = (
				8956FC5F18BBD6D70018F32B /* drinkingApp-Info.plist */,
				8956FC6018BBD6D70018F32B /* InfoPlist.strings */,
				A894A7581912F519009B88EB /* IconDS58.png */,
				A894A75E1912F7A0009B88EB /* DSIcon57.png */,
				A894A7591912F519009B88EB /* IconDS80.png */,
				8956FC6318BBD6D70018F32B /* main.m */,
				8956FC6518BBD6D70018F32B /* drinkingApp-Prefix.pch */,
				A894A7601912F8F8009B88EB /* DSIcon40.png */,
				A894A75A1912F519009B88EB /* IconDS120.png */,
				8956FC6918BBD6D70018F32B /* Default.png */,
				8956FC6B18BBD6D70018F32B /* Default@2x.png */,
				8956FC6D18BBD6D70018F32B /* Default-568h@2x.png */,
			);
			name = "Supporting Files";
			sourceTree = "<group>";
		};
		8956FC7F18BBD6D80018F32B /* drinkingAppTests */ = {
			isa = PBXGroup;
			children = (
				8956FC8518BBD6D80018F32B /* drinkingAppTests.h */,
				8956FC8618BBD6D80018F32B /* drinkingAppTests.m */,
				8956FC8018BBD6D80018F32B /* Supporting Files */,
			);
			path = drinkingAppTests;
			sourceTree = "<group>";
		};
		8956FC8018BBD6D80018F32B /* Supporting Files */ = {
			isa = PBXGroup;
			children = (
				8956FC8118BBD6D80018F32B /* drinkingAppTests-Info.plist */,
				8956FC8218BBD6D80018F32B /* InfoPlist.strings */,
			);
			name = "Supporting Files";
			sourceTree = "<group>";
		};
		89F840CB18DFFA6C0048AD95 /* RadioButton */ = {
			isa = PBXGroup;
			children = (
				89F840CF18DFFB1B0048AD95 /* RadioButton.h */,
				89F840D018DFFB1B0048AD95 /* RadioButton.m */,
			);
			name = RadioButton;
			sourceTree = "<group>";
		};
		89F840D218DFFCDC0048AD95 /* radio-res-ios */ = {
			isa = PBXGroup;
			children = (
				89F840D318DFFCDC0048AD95 /* checked.png */,
				89F840D418DFFCDC0048AD95 /* checked@2x.png */,
				89F840D518DFFCDC0048AD95 /* unchecked.png */,
				89F840D618DFFCDC0048AD95 /* unchecked@2x.png */,
			);
			name = "radio-res-ios";
			path = "UI/radio-res-ios";
			sourceTree = SOURCE_ROOT;
		};
		A855253F18CEAB7900567BDA /* GraphicsResources */ = {
			isa = PBXGroup;
			children = (
				A894A7501912C9E3009B88EB /* DrunkButton.png */,
				A894A7511912C9E3009B88EB /* SoberButton.png */,
				A894A7521912C9E3009B88EB /* TipsyButton.png */,
				A894A7641913344E009B88EB /* USettings.png */,
				A894A76C19135905009B88EB /* SMSEnvelope.png */,
				98846016190F014C00EB4083 /* add_emergency_contact.png */,
				A89E162619074118000FFCDE /* purple1.png */,
				A8B3583F1900947E008AF5FE /* BACInfo.png */,
				A8B3582A18F8318B008AF5FE /* bars */,
				89D59E5B18E37BF400C013C1 /* threelines.png */,
				8944D52118E122C700E39EC7 /* gradiantRight.png */,
				89F840D218DFFCDC0048AD95 /* radio-res-ios */,
				A8FC61B3190A9F8000DAFDC8 /* DrunkState.png */,
				A8FC61B4190A9F8000DAFDC8 /* SoberState.png */,
				A8FC61B5190A9F8000DAFDC8 /* TipsyState.png */,
				A811E4DE18E4B22E00970E77 /* DeadState.png */,
				A8B35833190080A3008AF5FE /* SoberArrow.png */,
				A811E4E618E5139800970E77 /* empty.png */,
				A8B35835190080A8008AF5FE /* TipsyArrow.png */,
				A894A766191351F7009B88EB /* PlainDangerButton.png */,
				A811E4E818E5191700970E77 /* Flip.png */,
				A8B7975818EBCE7B00686E79 /* SettingsScreen.png */,
				6D6BD5EC18E9E58900B45823 /* AboutUS.png */,
				A8FC61B1190A941B00DAFDC8 /* purple1.png */,
				A8B7975C18EC42D900686E79 /* AddDrink.png */,
				A8B7977518EC5A6A00686E79 /* CenterButtonSober.png */,
				A811E4D818E3AEAF00970E77 /* sampleNavBar1.png */,
				A8B7975E18EC446300686E79 /* AddDrinkedited.png */,
				A8B358371900831F008AF5FE /* DrunkArrow.png */,
				A8B7977718EC5F6900686E79 /* DangerButton.png */,
				A8B7977918EC612000686E79 /* DangerButtonSMS.png */,
				A894A762191332DD009B88EB /* PersonalSettings.png */,
				6D6BD5EA18E9E53200B45823 /* 3bar.png */,
				A811E4D218E3991D00970E77 /* BlurLogoScreen.png */,
				A8B7977218EC594500686E79 /* DrunkButton.png */,
				A8B7975A18EC3EB300686E79 /* NewUserSettings.png */,
				A8B7977018EC594000686E79 /* TipsyButton.png */,
				A811E4D618E3ACCF00970E77 /* sampleNavBar.png */,
			);
			name = GraphicsResources;
			path = ../UI;
			sourceTree = "<group>";
		};
		A8B3581718EE5CCD008AF5FE /* Third Party Progress Bar */ = {
			isa = PBXGroup;
			children = (
				A8B3581818EE5CCD008AF5FE /* CERoundProgressLayer.h */,
				A8B3581918EE5CCD008AF5FE /* CERoundProgressLayer.m */,
				A8B3581A18EE5CCD008AF5FE /* CERoundProgressView.h */,
				A8B3581B18EE5CCD008AF5FE /* CERoundProgressView.m */,
			);
			path = "Third Party Progress Bar";
			sourceTree = SOURCE_ROOT;
		};
		A8B3582A18F8318B008AF5FE /* bars */ = {
			isa = PBXGroup;
			children = (
				A8B3582B18F8318B008AF5FE /* bacbar.png */,
				A8B3582C18F8318B008AF5FE /* newnightbar.png */,
				A8B3582D18F8318B008AF5FE /* settingsbar.png */,
				A8B3582E18F8318B008AF5FE /* sosbar.png */,
			);
			name = bars;
			path = Images/bars;
			sourceTree = SOURCE_ROOT;
		};
/* End PBXGroup section */

/* Begin PBXNativeTarget section */
		8956FC5118BBD6D70018F32B /* drinkingApp */ = {
			isa = PBXNativeTarget;
			buildConfigurationList = 8956FC8A18BBD6D80018F32B /* Build configuration list for PBXNativeTarget "drinkingApp" */;
			buildPhases = (
				8956FC4E18BBD6D70018F32B /* Sources */,
				8956FC4F18BBD6D70018F32B /* Frameworks */,
				8956FC5018BBD6D70018F32B /* Resources */,
			);
			buildRules = (
			);
			dependencies = (
			);
			name = drinkingApp;
			productName = drinkingApp;
			productReference = 8956FC5218BBD6D70018F32B /* drinkingApp.app */;
			productType = "com.apple.product-type.application";
		};
		8956FC7618BBD6D80018F32B /* drinkingAppTests */ = {
			isa = PBXNativeTarget;
			buildConfigurationList = 8956FC8D18BBD6D80018F32B /* Build configuration list for PBXNativeTarget "drinkingAppTests" */;
			buildPhases = (
				8956FC7218BBD6D80018F32B /* Sources */,
				8956FC7318BBD6D80018F32B /* Frameworks */,
				8956FC7418BBD6D80018F32B /* Resources */,
				8956FC7518BBD6D80018F32B /* ShellScript */,
			);
			buildRules = (
			);
			dependencies = (
				8956FC7E18BBD6D80018F32B /* PBXTargetDependency */,
			);
			name = drinkingAppTests;
			productName = drinkingAppTests;
			productReference = 8956FC7718BBD6D80018F32B /* drinkingAppTests.octest */;
			productType = "com.apple.product-type.bundle";
		};
/* End PBXNativeTarget section */

/* Begin PBXProject section */
		8956FC4A18BBD6D70018F32B /* Project object */ = {
			isa = PBXProject;
			attributes = {
				CLASSPREFIX = HEAL;
				LastTestingUpgradeCheck = 0510;
				LastUpgradeCheck = 0510;
				ORGANIZATIONNAME = Halealei;
			};
			buildConfigurationList = 8956FC4D18BBD6D70018F32B /* Build configuration list for PBXProject "drinkingApp" */;
			compatibilityVersion = "Xcode 3.2";
			developmentRegion = English;
			hasScannedForEncodings = 0;
			knownRegions = (
				en,
			);
			mainGroup = 8956FC4918BBD6D70018F32B;
			productRefGroup = 8956FC5318BBD6D70018F32B /* Products */;
			projectDirPath = "";
			projectRoot = "";
			targets = (
				8956FC5118BBD6D70018F32B /* drinkingApp */,
				8956FC7618BBD6D80018F32B /* drinkingAppTests */,
			);
		};
/* End PBXProject section */

/* Begin PBXResourcesBuildPhase section */
		8956FC5018BBD6D70018F32B /* Resources */ = {
			isa = PBXResourcesBuildPhase;
			buildActionMask = 2147483647;
			files = (
				89F840D718DFFCDC0048AD95 /* checked.png in Resources */,
				98846017190F014C00EB4083 /* add_emergency_contact.png in Resources */,
				A811E4D918E3AEAF00970E77 /* sampleNavBar1.png in Resources */,
				A8B7977118EC594000686E79 /* TipsyButton.png in Resources */,
				A811E4DF18E4B22E00970E77 /* DeadState.png in Resources */,
				A8B7975B18EC3EB300686E79 /* NewUserSettings.png in Resources */,
				89F840D818DFFCDC0048AD95 /* checked@2x.png in Resources */,
				A8B3582F18F8318B008AF5FE /* bacbar.png in Resources */,
				A894A7611912F8F8009B88EB /* DSIcon40.png in Resources */,
				A894A76D19135905009B88EB /* SMSEnvelope.png in Resources */,
				89F840DA18DFFCDC0048AD95 /* unchecked@2x.png in Resources */,
				A811E4E918E5191700970E77 /* Flip.png in Resources */,
				A8B35834190080A3008AF5FE /* SoberArrow.png in Resources */,
				8956FC6218BBD6D70018F32B /* InfoPlist.strings in Resources */,
				8956FC6A18BBD6D70018F32B /* Default.png in Resources */,
				A8B3583118F8318B008AF5FE /* settingsbar.png in Resources */,
				A894A763191332DD009B88EB /* PersonalSettings.png in Resources */,
				8956FC6C18BBD6D70018F32B /* Default@2x.png in Resources */,
				A8B3583018F8318B008AF5FE /* newnightbar.png in Resources */,
				A894A7651913344E009B88EB /* USettings.png in Resources */,
				89F840D918DFFCDC0048AD95 /* unchecked.png in Resources */,
				A89E16171903160D000FFCDE /* Default~iphone.png in Resources */,
				A894A75F1912F7A0009B88EB /* DSIcon57.png in Resources */,
				A8FC61B8190A9F8000DAFDC8 /* TipsyState.png in Resources */,
				A8B7977818EC5F6900686E79 /* DangerButton.png in Resources */,
				A8B7977A18EC612000686E79 /* DangerButtonSMS.png in Resources */,
				6D6BD5ED18E9E58900B45823 /* AboutUS.png in Resources */,
				A8B7975918EBCE7B00686E79 /* SettingsScreen.png in Resources */,
				A89E162719074118000FFCDE /* purple1.png in Resources */,
				A894A75B1912F519009B88EB /* IconDS58.png in Resources */,
				8956FC6E18BBD6D70018F32B /* Default-568h@2x.png in Resources */,
				A894A75C1912F519009B88EB /* IconDS80.png in Resources */,
				A89E161919031A62000FFCDE /* Images.xcassets in Resources */,
				A811E4D718E3ACCF00970E77 /* sampleNavBar.png in Resources */,
				A894A75D1912F519009B88EB /* IconDS120.png in Resources */,
				A811E4E718E5139800970E77 /* empty.png in Resources */,
				A8B358381900831F008AF5FE /* DrunkArrow.png in Resources */,
				A8FC61B6190A9F8000DAFDC8 /* DrunkState.png in Resources */,
				A8B35836190080A8008AF5FE /* TipsyArrow.png in Resources */,
				A894A7551912C9E3009B88EB /* TipsyButton.png in Resources */,
				A8B7977618EC5A6A00686E79 /* CenterButtonSober.png in Resources */,
				89D32C5418BE759C003920FE /* MainStoryboard.storyboard in Resources */,
				A8FC61B7190A9F8000DAFDC8 /* SoberState.png in Resources */,
				A8B7977318EC594500686E79 /* DrunkButton.png in Resources */,
				A894A7541912C9E3009B88EB /* SoberButton.png in Resources */,
				8944D52218E122C700E39EC7 /* gradiantRight.png in Resources */,
				6D6BD5EB18E9E53200B45823 /* 3bar.png in Resources */,
				A8B3583218F8318B008AF5FE /* sosbar.png in Resources */,
				A894A7531912C9E3009B88EB /* DrunkButton.png in Resources */,
				A8B7975F18EC446300686E79 /* AddDrinkedited.png in Resources */,
				A8B358401900947E008AF5FE /* BACInfo.png in Resources */,
				A8B7975D18EC42D900686E79 /* AddDrink.png in Resources */,
				A894A767191351F7009B88EB /* PlainDangerButton.png in Resources */,
				89D59E5C18E37BF500C013C1 /* threelines.png in Resources */,
				A811E4D318E3991D00970E77 /* BlurLogoScreen.png in Resources */,
				A8E4FA7819117E3700662843 /* Cambria.ttf in Resources */,
			);
			runOnlyForDeploymentPostprocessing = 0;
		};
		8956FC7418BBD6D80018F32B /* Resources */ = {
			isa = PBXResourcesBuildPhase;
			buildActionMask = 2147483647;
			files = (
				8956FC8418BBD6D80018F32B /* InfoPlist.strings in Resources */,
			);
			runOnlyForDeploymentPostprocessing = 0;
		};
/* End PBXResourcesBuildPhase section */

/* Begin PBXShellScriptBuildPhase section */
		8956FC7518BBD6D80018F32B /* ShellScript */ = {
			isa = PBXShellScriptBuildPhase;
			buildActionMask = 2147483647;
			files = (
			);
			inputPaths = (
			);
			outputPaths = (
			);
			runOnlyForDeploymentPostprocessing = 0;
			shellPath = /bin/sh;
			shellScript = "# Run the unit tests in this test bundle.\n\"${SYSTEM_DEVELOPER_DIR}/Tools/RunUnitTests\"\n";
		};
/* End PBXShellScriptBuildPhase section */

/* Begin PBXSourcesBuildPhase section */
		8956FC4E18BBD6D70018F32B /* Sources */ = {
			isa = PBXSourcesBuildPhase;
			buildActionMask = 2147483647;
			files = (
				8956FC6418BBD6D70018F32B /* main.m in Sources */,
				8956FC6818BBD6D70018F32B /* HEALAppDelegate.m in Sources */,
				89F840D118DFFB1B0048AD95 /* RadioButton.m in Sources */,
				8956FC7118BBD6D70018F32B /* drinkingApp.xcdatamodeld in Sources */,
				A8B3581D18EE5CCD008AF5FE /* CERoundProgressView.m in Sources */,
				89D32C5718BE7AA1003920FE /* HEALEditSettingsViewController.m in Sources */,
				89D32C5A18BE7B54003920FE /* HEALMainViewController.m in Sources */,
				8999444918FC407100C83A85 /* HEALEditSMSSettingsViewController.m in Sources */,
				8908588418C538D40020383C /* HEALUser.m in Sources */,
				89F89D3518C7B37E00143AD4 /* HEALNight.m in Sources */,
				890792E118D0FDC1001EFA85 /* HEALDrunkStateViewController.m in Sources */,
				890792E218D0FDC1001EFA85 /* HEALLogoViewController.m in Sources */,
				A8B3581C18EE5CCD008AF5FE /* CERoundProgressLayer.m in Sources */,
			);
			runOnlyForDeploymentPostprocessing = 0;
		};
		8956FC7218BBD6D80018F32B /* Sources */ = {
			isa = PBXSourcesBuildPhase;
			buildActionMask = 2147483647;
			files = (
				8956FC8718BBD6D80018F32B /* drinkingAppTests.m in Sources */,
			);
			runOnlyForDeploymentPostprocessing = 0;
		};
/* End PBXSourcesBuildPhase section */

/* Begin PBXTargetDependency section */
		8956FC7E18BBD6D80018F32B /* PBXTargetDependency */ = {
			isa = PBXTargetDependency;
			target = 8956FC5118BBD6D70018F32B /* drinkingApp */;
			targetProxy = 8956FC7D18BBD6D80018F32B /* PBXContainerItemProxy */;
		};
/* End PBXTargetDependency section */

/* Begin PBXVariantGroup section */
		8956FC6018BBD6D70018F32B /* InfoPlist.strings */ = {
			isa = PBXVariantGroup;
			children = (
				8956FC6118BBD6D70018F32B /* en */,
			);
			name = InfoPlist.strings;
			sourceTree = "<group>";
		};
		8956FC8218BBD6D80018F32B /* InfoPlist.strings */ = {
			isa = PBXVariantGroup;
			children = (
				8956FC8318BBD6D80018F32B /* en */,
			);
			name = InfoPlist.strings;
			sourceTree = "<group>";
		};
/* End PBXVariantGroup section */

/* Begin XCBuildConfiguration section */
		8956FC8818BBD6D80018F32B /* Debug */ = {
			isa = XCBuildConfiguration;
			buildSettings = {
				ALWAYS_SEARCH_USER_PATHS = NO;
				CLANG_CXX_LANGUAGE_STANDARD = "gnu++0x";
				CLANG_CXX_LIBRARY = "libc++";
				CLANG_ENABLE_OBJC_ARC = YES;
				CLANG_WARN_CONSTANT_CONVERSION = YES;
				CLANG_WARN_EMPTY_BODY = YES;
				CLANG_WARN_ENUM_CONVERSION = YES;
				CLANG_WARN_INT_CONVERSION = YES;
				CLANG_WARN__DUPLICATE_METHOD_MATCH = YES;
				"CODE_SIGN_IDENTITY[sdk=iphoneos*]" = "iPhone Developer";
				COPY_PHASE_STRIP = NO;
				GCC_C_LANGUAGE_STANDARD = gnu99;
				GCC_DYNAMIC_NO_PIC = NO;
				GCC_OPTIMIZATION_LEVEL = 0;
				GCC_PREPROCESSOR_DEFINITIONS = (
					"DEBUG=1",
					"$(inherited)",
				);
				GCC_SYMBOLS_PRIVATE_EXTERN = NO;
				GCC_WARN_ABOUT_RETURN_TYPE = YES;
				GCC_WARN_UNINITIALIZED_AUTOS = YES;
				GCC_WARN_UNUSED_VARIABLE = YES;
				IPHONEOS_DEPLOYMENT_TARGET = 7.0;
				ONLY_ACTIVE_ARCH = YES;
				PRODUCT_NAME = drinkingApp;
				SDKROOT = iphoneos;
			};
			name = Debug;
		};
		8956FC8918BBD6D80018F32B /* Release */ = {
			isa = XCBuildConfiguration;
			buildSettings = {
				ALWAYS_SEARCH_USER_PATHS = NO;
				CLANG_CXX_LANGUAGE_STANDARD = "gnu++0x";
				CLANG_CXX_LIBRARY = "libc++";
				CLANG_ENABLE_OBJC_ARC = YES;
				CLANG_WARN_CONSTANT_CONVERSION = YES;
				CLANG_WARN_EMPTY_BODY = YES;
				CLANG_WARN_ENUM_CONVERSION = YES;
				CLANG_WARN_INT_CONVERSION = YES;
				CLANG_WARN__DUPLICATE_METHOD_MATCH = YES;
				"CODE_SIGN_IDENTITY[sdk=iphoneos*]" = "iPhone Developer";
				COPY_PHASE_STRIP = YES;
				GCC_C_LANGUAGE_STANDARD = gnu99;
				GCC_WARN_ABOUT_RETURN_TYPE = YES;
				GCC_WARN_UNINITIALIZED_AUTOS = YES;
				GCC_WARN_UNUSED_VARIABLE = YES;
				IPHONEOS_DEPLOYMENT_TARGET = 7.0;
				OTHER_CFLAGS = "-DNS_BLOCK_ASSERTIONS=1";
				PRODUCT_NAME = drinkingApp;
				SDKROOT = iphoneos;
				VALIDATE_PRODUCT = YES;
			};
			name = Release;
		};
		8956FC8B18BBD6D80018F32B /* Debug */ = {
			isa = XCBuildConfiguration;
			buildSettings = {
				ASSETCATALOG_COMPILER_APPICON_NAME = AppIcon;
				ASSETCATALOG_COMPILER_LAUNCHIMAGE_NAME = LaunchImage;
				GCC_PRECOMPILE_PREFIX_HEADER = YES;
				GCC_PREFIX_HEADER = "drinkingApp/drinkingApp-Prefix.pch";
				INFOPLIST_FILE = "drinkingApp/drinkingApp-Info.plist";
				PRODUCT_NAME = "$(TARGET_NAME)";
				WRAPPER_EXTENSION = app;
			};
			name = Debug;
		};
		8956FC8C18BBD6D80018F32B /* Release */ = {
			isa = XCBuildConfiguration;
			buildSettings = {
				ASSETCATALOG_COMPILER_APPICON_NAME = AppIcon;
				ASSETCATALOG_COMPILER_LAUNCHIMAGE_NAME = LaunchImage;
				GCC_PRECOMPILE_PREFIX_HEADER = YES;
				GCC_PREFIX_HEADER = "drinkingApp/drinkingApp-Prefix.pch";
				INFOPLIST_FILE = "drinkingApp/drinkingApp-Info.plist";
				PRODUCT_NAME = "$(TARGET_NAME)";
				WRAPPER_EXTENSION = app;
			};
			name = Release;
		};
		8956FC8E18BBD6D80018F32B /* Debug */ = {
			isa = XCBuildConfiguration;
			buildSettings = {
				BUNDLE_LOADER = "$(BUILT_PRODUCTS_DIR)/drinkingApp.app/drinkingApp";
				FRAMEWORK_SEARCH_PATHS = (
					"\"$(SDKROOT)/Developer/Library/Frameworks\"",
					"\"$(DEVELOPER_LIBRARY_DIR)/Frameworks\"",
				);
				GCC_PRECOMPILE_PREFIX_HEADER = YES;
				GCC_PREFIX_HEADER = "drinkingApp/drinkingApp-Prefix.pch";
				INFOPLIST_FILE = "drinkingAppTests/drinkingAppTests-Info.plist";
				PRODUCT_NAME = "$(TARGET_NAME)";
				TEST_HOST = "$(BUNDLE_LOADER)";
				WRAPPER_EXTENSION = octest;
			};
			name = Debug;
		};
		8956FC8F18BBD6D80018F32B /* Release */ = {
			isa = XCBuildConfiguration;
			buildSettings = {
				BUNDLE_LOADER = "$(BUILT_PRODUCTS_DIR)/drinkingApp.app/drinkingApp";
				FRAMEWORK_SEARCH_PATHS = (
					"\"$(SDKROOT)/Developer/Library/Frameworks\"",
					"\"$(DEVELOPER_LIBRARY_DIR)/Frameworks\"",
				);
				GCC_PRECOMPILE_PREFIX_HEADER = YES;
				GCC_PREFIX_HEADER = "drinkingApp/drinkingApp-Prefix.pch";
				INFOPLIST_FILE = "drinkingAppTests/drinkingAppTests-Info.plist";
				PRODUCT_NAME = "$(TARGET_NAME)";
				TEST_HOST = "$(BUNDLE_LOADER)";
				WRAPPER_EXTENSION = octest;
			};
			name = Release;
		};
/* End XCBuildConfiguration section */

/* Begin XCConfigurationList section */
		8956FC4D18BBD6D70018F32B /* Build configuration list for PBXProject "drinkingApp" */ = {
			isa = XCConfigurationList;
			buildConfigurations = (
				8956FC8818BBD6D80018F32B /* Debug */,
				8956FC8918BBD6D80018F32B /* Release */,
			);
			defaultConfigurationIsVisible = 0;
			defaultConfigurationName = Release;
		};
		8956FC8A18BBD6D80018F32B /* Build configuration list for PBXNativeTarget "drinkingApp" */ = {
			isa = XCConfigurationList;
			buildConfigurations = (
				8956FC8B18BBD6D80018F32B /* Debug */,
				8956FC8C18BBD6D80018F32B /* Release */,
			);
			defaultConfigurationIsVisible = 0;
			defaultConfigurationName = Release;
		};
		8956FC8D18BBD6D80018F32B /* Build configuration list for PBXNativeTarget "drinkingAppTests" */ = {
			isa = XCConfigurationList;
			buildConfigurations = (
				8956FC8E18BBD6D80018F32B /* Debug */,
				8956FC8F18BBD6D80018F32B /* Release */,
			);
			defaultConfigurationIsVisible = 0;
			defaultConfigurationName = Release;
		};
/* End XCConfigurationList section */

/* Begin XCVersionGroup section */
		8956FC6F18BBD6D70018F32B /* drinkingApp.xcdatamodeld */ = {
			isa = XCVersionGroup;
			children = (
				8956FC7018BBD6D70018F32B /* drinkingApp.xcdatamodel */,
			);
			currentVersion = 8956FC7018BBD6D70018F32B /* drinkingApp.xcdatamodel */;
			path = drinkingApp.xcdatamodeld;
			sourceTree = "<group>";
			versionGroupType = wrapper.xcdatamodel;
		};
/* End XCVersionGroup section */
	};
	rootObject = 8956FC4A18BBD6D70018F32B /* Project object */;
}
